
Microsoft Visual Studio Solution File, Format Version 12.00
# Visual Studio Version 16
VisualStudioVersion = 16.0.31112.23
MinimumVisualStudioVersion = 10.0.40219.1
Project("{9A19103F-16F7-4668-BE54-9A1E7A4F7556}") = "Core", "Core\Core.csproj", "{F7C38C9A-0122-43D3-8E17-AEF8506DEFDD}"
EndProject
Project("{9A19103F-16F7-4668-BE54-9A1E7A4F7556}") = "Business", "Business\Business.csproj", "{4246F748-C9D5-4402-8631-6B16611F7098}"
EndProject
Project("{9A19103F-16F7-4668-BE54-9A1E7A4F7556}") = "DataAccess", "DataAccess\DataAccess.csproj", "{E8BC5831-EF4C-46D0-9A31-6760B1EBF4A2}"
EndProject
Project("{9A19103F-16F7-4668-BE54-9A1E7A4F7556}") = "Entities", "Entities\Entities.csproj", "{7132665C-0485-422A-A241-23A3E8BF99F1}"
EndProject
Project("{FAE04EC0-301F-11D3-BF4B-00C04F79EFBC}") = "HepsiYemekTask_API", "HepsiYemekTask_API\HepsiYemekTask_API.csproj", "{8FDF8A48-C9FD-4971-8E25-B5F54236FDDE}"
EndProject
Global
	GlobalSection(SolutionConfigurationPlatforms) = preSolution
		Debug|Any CPU = Debug|Any CPU
		Release|Any CPU = Release|Any CPU
	EndGlobalSection
	GlobalSection(ProjectConfigurationPlatforms) = postSolution
		{F7C38C9A-0122-43D3-8E17-AEF8506DEFDD}.Debug|Any CPU.ActiveCfg = Debug|Any CPU
		{F7C38C9A-0122-43D3-8E17-AEF8506DEFDD}.Debug|Any CPU.Build.0 = Debug|Any CPU
		{F7C38C9A-0122-43D3-8E17-AEF8506DEFDD}.Release|Any CPU.ActiveCfg = Release|Any CPU
		{F7C38C9A-0122-43D3-8E17-AEF8506DEFDD}.Release|Any CPU.Build.0 = Release|Any CPU
		{4246F748-C9D5-4402-8631-6B16611F7098}.Debug|Any CPU.ActiveCfg = Debug|Any CPU
		{4246F748-C9D5-4402-8631-6B16611F7098}.Debug|Any CPU.Build.0 = Debug|Any CPU
		{4246F748-C9D5-4402-8631-6B16611F7098}.Release|Any CPU.ActiveCfg = Release|Any CPU
		{4246F748-C9D5-4402-8631-6B16611F7098}.Release|Any CPU.Build.0 = Release|Any CPU
		{E8BC5831-EF4C-46D0-9A31-6760B1EBF4A2}.Debug|Any CPU.ActiveCfg = Debug|Any CPU
		{E8BC5831-EF4C-46D0-9A31-6760B1EBF4A2}.Debug|Any CPU.Build.0 = Debug|Any CPU
		{E8BC5831-EF4C-46D0-9A31-6760B1EBF4A2}.Release|Any CPU.ActiveCfg = Release|Any CPU
		{E8BC5831-EF4C-46D0-9A31-6760B1EBF4A2}.Release|Any CPU.Build.0 = Release|Any CPU
		{7132665C-0485-422A-A241-23A3E8BF99F1}.Debug|Any CPU.ActiveCfg = Debug|Any CPU
		{7132665C-0485-422A-A241-23A3E8BF99F1}.Debug|Any CPU.Build.0 = Debug|Any CPU
		{7132665C-0485-422A-A241-23A3E8BF99F1}.Release|Any CPU.ActiveCfg = Release|Any CPU
		{7132665C-0485-422A-A241-23A3E8BF99F1}.Release|Any CPU.Build.0 = Release|Any CPU
		{8FDF8A48-C9FD-4971-8E25-B5F54236FDDE}.Debug|Any CPU.ActiveCfg = Debug|Any CPU
		{8FDF8A48-C9FD-4971-8E25-B5F54236FDDE}.Debug|Any CPU.Build.0 = Debug|Any CPU
		{8FDF8A48-C9FD-4971-8E25-B5F54236FDDE}.Release|Any CPU.ActiveCfg = Release|Any CPU
		{8FDF8A48-C9FD-4971-8E25-B5F54236FDDE}.Release|Any CPU.Build.0 = Release|Any CPU
	EndGlobalSection
	GlobalSection(SolutionProperties) = preSolution
		HideSolutionNode = FALSE
	EndGlobalSection
	GlobalSection(ExtensibilityGlobals) = postSolution
		SolutionGuid = {1F227B06-B7A5-4860-8B97-CB25E6AD7F2D}
	EndGlobalSection
EndGlobal
